GEM
  remote: https://rubygems.org/
  specs:
    Ascii85 (2.0.1)
    afm (1.0.0)
    ansi (1.6.0)
    bigdecimal (3.3.1)
    builder (3.3.0)
    debug (1.11.1)
      irb (~> 1.10)
      reline (>= 0.3.8)
    drb (2.2.3)
    erb (6.0.5)
    hashery (2.1.2)
    io-console (0.8.2)
    irb (1.18.0)
      pp (>= 0.6.0)
      prism (>= 1.3.0)
      rdoc (>= 4.0.0)
      reline (>= 0.4.2)
    logger (1.7.0)
    mini_magick (5.3.2)
      logger
    minitest (6.0.6)
      drb (~> 2.0)
      prism (~> 1.5)
    minitest-reporters (1.8.0)
      ansi
      builder
      minitest (>= 5.0, < 7)
      ruby-progressbar
    pastel (0.8.0)
      tty-color (~> 0.5)
    pdf-reader (2.15.1)
      Ascii85 (>= 1.0, < 3.0, != 2.0.0)
      afm (>= 0.2.1, < 2)
      hashery (~> 2.0)
      ruby-rc4
      ttfunk
    pdftoimage (0.3.2)
      mini_magick (>= 4.0, < 6)
      shellwords (~> 0.2.2)
    pp (0.6.4)
      prettyprint
    prettyprint (0.2.0)
    prism (1.9.0)
    rake (13.4.2)
    rbs (4.0.3)
      logger
      prism (>= 1.6.0)
      tsort
    rdoc (8.0.0)
      erb
      prism (>= 1.6.0)
      rbs (>= 4.0.0)
      tsort
    reline (0.6.3)
      io-console (~> 0.5)
    rtesseract (3.1.4)
    ruby-progressbar (1.13.0)
    ruby-rc4 (0.1.5)
    shellwords (0.2.2)
    strings (0.2.1)
      strings-ansi (~> 0.2)
      unicode-display_width (>= 1.5, < 3.0)
      unicode_utils (~> 1.4)
    strings-ansi (0.2.0)
    tsort (0.2.0)
    ttfunk (1.8.0)
      bigdecimal (~> 3.1)
    tty-color (0.6.0)
    tty-cursor (0.7.1)
    tty-pager (0.14.0)
      strings (~> 0.2.0)
      tty-screen (~> 0.8)
    tty-prompt (0.23.1)
      pastel (~> 0.8)
      tty-reader (~> 0.8)
    tty-reader (0.9.0)
      tty-cursor (~> 0.7)
      tty-screen (~> 0.8)
      wisper (~> 2.0)
    tty-screen (0.8.2)
    unicode-display_width (2.6.0)
    unicode_utils (1.4.0)
    wisper (2.0.1)

PLATFORMS
  ruby
  x86_64-linux

DEPENDENCIES
  debug
  minitest
  minitest-reporters
  pdf-reader
  pdftoimage
  rake
  rtesseract
  tty-pager
  tty-prompt

BUNDLED WITH
   2.5.11
